
Microsoft Visual Studio Solution File, Format Version 12.00
# Visual Studio Version 16
VisualStudioVersion = 16.0.31321.278
MinimumVisualStudioVersion = 10.0.40219.1
Project("{FAE04EC0-301F-11D3-BF4B-00C04F79EFBC}") = "DomingoRoofWorks", "DomingoRoofWorks.csproj", "{FE05D365-6678-4BAA-BA18-46CF879F34D7}"
EndProject
Global
	GlobalSection(SolutionConfigurationPlatforms) = preSolution
		Debug|Any CPU = Debug|Any CPU
		Release|Any CPU = Release|Any CPU
	EndGlobalSection
	GlobalSection(ProjectConfigurationPlatforms) = postSolution
		{FE05D365-6678-4BAA-BA18-46CF879F34D7}.Debug|Any CPU.ActiveCfg = Debug|Any CPU
		{FE05D365-6678-4BAA-BA18-46CF879F34D7}.Debug|Any CPU.Build.0 = Debug|Any CPU
		{FE05D365-6678-4BAA-BA18-46CF879F34D7}.Release|Any CPU.ActiveCfg = Release|Any CPU
		{FE05D365-6678-4BAA-BA18-46CF879F34D7}.Release|Any CPU.Build.0 = Release|Any CPU
	EndGlobalSection
	GlobalSection(SolutionProperties) = preSolution
		HideSolutionNode = FALSE
	EndGlobalSection
	GlobalSection(ExtensibilityGlobals) = postSolution
		SolutionGuid = {9D470639-7CB3-4361-B268-15B8CF096677}
	EndGlobalSection
EndGlobal
